
Microsoft Visual Studio Solution File, Format Version 12.00
# Visual Studio Version 17
VisualStudioVersion = 17.2.32630.192
MinimumVisualStudioVersion = 10.0.40219.1
Project("{8BC9CEB8-8B4A-11D0-8D11-00A0C91BC942}") = "Encrypt_Decrypt", "Encrypt_Decrypt\Encrypt_Decrypt.vcxproj", "{BE178649-D633-4BC7-BE04-F278F30BB3EE}"
EndProject
Global
	GlobalSection(SolutionConfigurationPlatforms) = preSolution
		Debug|x64 = Debug|x64
		Debug|x86 = Debug|x86
		Release|x64 = Release|x64
		Release|x86 = Release|x86
	EndGlobalSection
	GlobalSection(ProjectConfigurationPlatforms) = postSolution
		{BE178649-D633-4BC7-BE04-F278F30BB3EE}.Debug|x64.ActiveCfg = Debug|x64
		{BE178649-D633-4BC7-BE04-F278F30BB3EE}.Debug|x64.Build.0 = Debug|x64
		{BE178649-D633-4BC7-BE04-F278F30BB3EE}.Debug|x86.ActiveCfg = Debug|Win32
		{BE178649-D633-4BC7-BE04-F278F30BB3EE}.Debug|x86.Build.0 = Debug|Win32
		{BE178649-D633-4BC7-BE04-F278F30BB3EE}.Release|x64.ActiveCfg = Release|x64
		{BE178649-D633-4BC7-BE04-F278F30BB3EE}.Release|x64.Build.0 = Release|x64
		{BE178649-D633-4BC7-BE04-F278F30BB3EE}.Release|x86.ActiveCfg = Release|Win32
		{BE178649-D633-4BC7-BE04-F278F30BB3EE}.Release|x86.Build.0 = Release|Win32
	EndGlobalSection
	GlobalSection(SolutionProperties) = preSolution
		HideSolutionNode = FALSE
	EndGlobalSection
	GlobalSection(ExtensibilityGlobals) = postSolution
		SolutionGuid = {ACAD78CD-09AE-4756-800F-F1467CF2B5F7}
	EndGlobalSection
EndGlobal
